
Microsoft Visual Studio Solution File, Format Version 12.00
# Visual Studio Version 17
VisualStudioVersion = 17.7.34024.191
MinimumVisualStudioVersion = 10.0.40219.1
Project("{FAE04EC0-301F-11D3-BF4B-00C04F79EFBC}") = "Git_test", "Git_test.csproj", "{A25F7882-49A9-4029-BCE4-B94E1C3A46A8}"
EndProject
Global
	GlobalSection(SolutionConfigurationPlatforms) = preSolution
		Debug|Any CPU = Debug|Any CPU
		Release|Any CPU = Release|Any CPU
	EndGlobalSection
	GlobalSection(ProjectConfigurationPlatforms) = postSolution
		{A25F7882-49A9-4029-BCE4-B94E1C3A46A8}.Debug|Any CPU.ActiveCfg = Debug|Any CPU
		{A25F7882-49A9-4029-BCE4-B94E1C3A46A8}.Debug|Any CPU.Build.0 = Debug|Any CPU
		{A25F7882-49A9-4029-BCE4-B94E1C3A46A8}.Release|Any CPU.ActiveCfg = Release|Any CPU
		{A25F7882-49A9-4029-BCE4-B94E1C3A46A8}.Release|Any CPU.Build.0 = Release|Any CPU
	EndGlobalSection
	GlobalSection(SolutionProperties) = preSolution
		HideSolutionNode = FALSE
	EndGlobalSection
	GlobalSection(ExtensibilityGlobals) = postSolution
		SolutionGuid = {38EFC7AC-EBA6-436F-A5AA-E9BAC2D0F8D0}
	EndGlobalSection
EndGlobal
